
Microsoft Visual Studio Solution File, Format Version 12.00
# Visual Studio 2012
Project("{8BC9CEB8-8B4A-11D0-8D11-00A0C91BC942}") = "SetsIntersection", "SetsIntersection\SetsIntersection.vcxproj", "{0DB7B01B-6858-44B8-BE2C-6F1A9EFC7849}"
EndProject
Global
	GlobalSection(SolutionConfigurationPlatforms) = preSolution
		Debug|Win32 = Debug|Win32
		Release|Win32 = Release|Win32
	EndGlobalSection
	GlobalSection(ProjectConfigurationPlatforms) = postSolution
		{0DB7B01B-6858-44B8-BE2C-6F1A9EFC7849}.Debug|Win32.ActiveCfg = Debug|Win32
		{0DB7B01B-6858-44B8-BE2C-6F1A9EFC7849}.Debug|Win32.Build.0 = Debug|Win32
		{0DB7B01B-6858-44B8-BE2C-6F1A9EFC7849}.Release|Win32.ActiveCfg = Release|Win32
		{0DB7B01B-6858-44B8-BE2C-6F1A9EFC7849}.Release|Win32.Build.0 = Release|Win32
	EndGlobalSection
	GlobalSection(SolutionProperties) = preSolution
		HideSolutionNode = FALSE
	EndGlobalSection
EndGlobal
